
Microsoft Visual Studio Solution File, Format Version 12.00
# Visual Studio Version 16
VisualStudioVersion = 16.0.29215.179
MinimumVisualStudioVersion = 10.0.40219.1
Project("{2150E333-8FDC-42A3-9474-1A3956D46DE8}") = "01.Presentation", "01.Presentation", "{92EF3156-A2B8-4409-B684-2C7D3D029B39}"
EndProject
Project("{2150E333-8FDC-42A3-9474-1A3956D46DE8}") = "02.Application", "02.Application", "{3EB35597-5306-4E94-856E-0B447A3F986B}"
EndProject
Project("{2150E333-8FDC-42A3-9474-1A3956D46DE8}") = "Services", "Services", "{66CC3B69-76DD-4E3C-908A-BD5C833AB9D1}"
EndProject
Project("{2150E333-8FDC-42A3-9474-1A3956D46DE8}") = "03.Domain", "03.Domain", "{649507C7-696C-4CEF-8F6F-EE5518F0D47D}"
EndProject
Project("{2150E333-8FDC-42A3-9474-1A3956D46DE8}") = "Interface", "Interface", "{B771424C-48E2-4427-B803-5BB87EB4F1C6}"
EndProject
Project("{2150E333-8FDC-42A3-9474-1A3956D46DE8}") = "Models", "Models", "{C62E8C5C-24B5-4621-BCDC-3852486024EE}"
EndProject
Project("{2150E333-8FDC-42A3-9474-1A3956D46DE8}") = "ViewModels", "ViewModels", "{603DB8CE-6F0B-43B9-BF6D-7E40BE8E7199}"
EndProject
Project("{2150E333-8FDC-42A3-9474-1A3956D46DE8}") = "04.Infrastructure", "04.Infrastructure", "{35E24E70-BD68-45B3-B1E8-F1D7B066FF0F}"
EndProject
Project("{2150E333-8FDC-42A3-9474-1A3956D46DE8}") = "Repository", "Repository", "{A58091D0-16D0-4415-9F4E-4484BEF1F5C0}"
EndProject
Project("{FAE04EC0-301F-11D3-BF4B-00C04F79EFBC}") = "Projeto.UI.Web", "Projeto.UI.Web\Projeto.UI.Web.csproj", "{B9462427-B572-4D10-8222-AE507778099A}"
EndProject
Project("{FAE04EC0-301F-11D3-BF4B-00C04F79EFBC}") = "Projeto.ApplicationServices", "Projeto.ApplicationServices\Projeto.ApplicationServices.csproj", "{AA443C0D-62B9-44B2-BCA2-77CB3F7B5F0F}"
EndProject
Project("{FAE04EC0-301F-11D3-BF4B-00C04F79EFBC}") = "Projeto.Domain", "Projeto.Domain\Projeto.Domain.csproj", "{CD67A1A1-FA8B-4264-8E6E-3853D1E4CC3F}"
EndProject
Project("{FAE04EC0-301F-11D3-BF4B-00C04F79EFBC}") = "Projeto.Repository", "Projeto.Repository\Projeto.Repository.csproj", "{B358E9B4-191E-4992-B777-3E0488668D40}"
EndProject
Global
	GlobalSection(SolutionConfigurationPlatforms) = preSolution
		Debug|Any CPU = Debug|Any CPU
		Release|Any CPU = Release|Any CPU
	EndGlobalSection
	GlobalSection(ProjectConfigurationPlatforms) = postSolution
		{B9462427-B572-4D10-8222-AE507778099A}.Debug|Any CPU.ActiveCfg = Debug|Any CPU
		{B9462427-B572-4D10-8222-AE507778099A}.Debug|Any CPU.Build.0 = Debug|Any CPU
		{B9462427-B572-4D10-8222-AE507778099A}.Release|Any CPU.ActiveCfg = Release|Any CPU
		{B9462427-B572-4D10-8222-AE507778099A}.Release|Any CPU.Build.0 = Release|Any CPU
		{AA443C0D-62B9-44B2-BCA2-77CB3F7B5F0F}.Debug|Any CPU.ActiveCfg = Debug|Any CPU
		{AA443C0D-62B9-44B2-BCA2-77CB3F7B5F0F}.Debug|Any CPU.Build.0 = Debug|Any CPU
		{AA443C0D-62B9-44B2-BCA2-77CB3F7B5F0F}.Release|Any CPU.ActiveCfg = Release|Any CPU
		{AA443C0D-62B9-44B2-BCA2-77CB3F7B5F0F}.Release|Any CPU.Build.0 = Release|Any CPU
		{CD67A1A1-FA8B-4264-8E6E-3853D1E4CC3F}.Debug|Any CPU.ActiveCfg = Debug|Any CPU
		{CD67A1A1-FA8B-4264-8E6E-3853D1E4CC3F}.Debug|Any CPU.Build.0 = Debug|Any CPU
		{CD67A1A1-FA8B-4264-8E6E-3853D1E4CC3F}.Release|Any CPU.ActiveCfg = Release|Any CPU
		{CD67A1A1-FA8B-4264-8E6E-3853D1E4CC3F}.Release|Any CPU.Build.0 = Release|Any CPU
		{B358E9B4-191E-4992-B777-3E0488668D40}.Debug|Any CPU.ActiveCfg = Debug|Any CPU
		{B358E9B4-191E-4992-B777-3E0488668D40}.Debug|Any CPU.Build.0 = Debug|Any CPU
		{B358E9B4-191E-4992-B777-3E0488668D40}.Release|Any CPU.ActiveCfg = Release|Any CPU
		{B358E9B4-191E-4992-B777-3E0488668D40}.Release|Any CPU.Build.0 = Release|Any CPU
	EndGlobalSection
	GlobalSection(SolutionProperties) = preSolution
		HideSolutionNode = FALSE
	EndGlobalSection
	GlobalSection(NestedProjects) = preSolution
		{66CC3B69-76DD-4E3C-908A-BD5C833AB9D1} = {3EB35597-5306-4E94-856E-0B447A3F986B}
		{B771424C-48E2-4427-B803-5BB87EB4F1C6} = {649507C7-696C-4CEF-8F6F-EE5518F0D47D}
		{C62E8C5C-24B5-4621-BCDC-3852486024EE} = {649507C7-696C-4CEF-8F6F-EE5518F0D47D}
		{603DB8CE-6F0B-43B9-BF6D-7E40BE8E7199} = {649507C7-696C-4CEF-8F6F-EE5518F0D47D}
		{A58091D0-16D0-4415-9F4E-4484BEF1F5C0} = {35E24E70-BD68-45B3-B1E8-F1D7B066FF0F}
		{B9462427-B572-4D10-8222-AE507778099A} = {92EF3156-A2B8-4409-B684-2C7D3D029B39}
		{AA443C0D-62B9-44B2-BCA2-77CB3F7B5F0F} = {3EB35597-5306-4E94-856E-0B447A3F986B}
		{CD67A1A1-FA8B-4264-8E6E-3853D1E4CC3F} = {649507C7-696C-4CEF-8F6F-EE5518F0D47D}
		{B358E9B4-191E-4992-B777-3E0488668D40} = {35E24E70-BD68-45B3-B1E8-F1D7B066FF0F}
	EndGlobalSection
	GlobalSection(ExtensibilityGlobals) = postSolution
		SolutionGuid = {DA4A40F4-B7F7-404B-9F46-4AA6B2732E75}
	EndGlobalSection
EndGlobal
